
Microsoft Visual Studio Solution File, Format Version 12.00
# Visual Studio Version 17
VisualStudioVersion = 17.6.33829.357
MinimumVisualStudioVersion = 10.0.40219.1
Project("{8BC9CEB8-8B4A-11D0-8D11-00A0C91BC942}") = "03", "03.vcxproj", "{BD8944CC-9DD9-4D72-A23E-07D3FE06B27F}"
EndProject
Global
	GlobalSection(SolutionConfigurationPlatforms) = preSolution
		Debug|x64 = Debug|x64
		Debug|x86 = Debug|x86
		Release|x64 = Release|x64
		Release|x86 = Release|x86
	EndGlobalSection
	GlobalSection(ProjectConfigurationPlatforms) = postSolution
		{BD8944CC-9DD9-4D72-A23E-07D3FE06B27F}.Debug|x64.ActiveCfg = Debug|x64
		{BD8944CC-9DD9-4D72-A23E-07D3FE06B27F}.Debug|x64.Build.0 = Debug|x64
		{BD8944CC-9DD9-4D72-A23E-07D3FE06B27F}.Debug|x86.ActiveCfg = Debug|Win32
		{BD8944CC-9DD9-4D72-A23E-07D3FE06B27F}.Debug|x86.Build.0 = Debug|Win32
		{BD8944CC-9DD9-4D72-A23E-07D3FE06B27F}.Release|x64.ActiveCfg = Release|x64
		{BD8944CC-9DD9-4D72-A23E-07D3FE06B27F}.Release|x64.Build.0 = Release|x64
		{BD8944CC-9DD9-4D72-A23E-07D3FE06B27F}.Release|x86.ActiveCfg = Release|Win32
		{BD8944CC-9DD9-4D72-A23E-07D3FE06B27F}.Release|x86.Build.0 = Release|Win32
	EndGlobalSection
	GlobalSection(SolutionProperties) = preSolution
		HideSolutionNode = FALSE
	EndGlobalSection
	GlobalSection(ExtensibilityGlobals) = postSolution
		SolutionGuid = {E43E85AD-A698-40A8-B3DD-C9AC5475B258}
	EndGlobalSection
EndGlobal
